// !$*UTF8*$!
{
	archiveVersion = 1;
	classes = {
	};
	objectVersion = 50;
	objects = {

/* Begin PBXBuildFile section */
		8527878A2431FBEE00078C48 /* AppDelegate.swift in Sources */ = {isa = PBXBuildFile; fileRef = 852787892431FBEE00078C48 /* AppDelegate.swift */; };
		8527878C2431FBEE00078C48 /* SceneDelegate.swift in Sources */ = {isa = PBXBuildFile; fileRef = 8527878B2431FBEE00078C48 /* SceneDelegate.swift */; };
		852787912431FBEE00078C48 /* Main.storyboard in Resources */ = {isa = PBXBuildFile; fileRef = 8527878F2431FBEE00078C48 /* Main.storyboard */; };
		852787932431FBF200078C48 /* Assets.xcassets in Resources */ = {isa = PBXBuildFile; fileRef = 852787922431FBF200078C48 /* Assets.xcassets */; };
		852787962431FBF200078C48 /* LaunchScreen.storyboard in Resources */ = {isa = PBXBuildFile; fileRef = 852787942431FBF200078C48 /* LaunchScreen.storyboard */; };
		8527879E243207CE00078C48 /* LoginViewController.swift in Sources */ = {isa = PBXBuildFile; fileRef = 8527879D243207CE00078C48 /* LoginViewController.swift */; };
		852787A02432345E00078C48 /* MyFriendViewController.swift in Sources */ = {isa = PBXBuildFile; fileRef = 8527879F2432345E00078C48 /* MyFriendViewController.swift */; };
		852787A22432347A00078C48 /* PhotoToFriendViewController.swift in Sources */ = {isa = PBXBuildFile; fileRef = 852787A12432347A00078C48 /* PhotoToFriendViewController.swift */; };
		852787A4243234A000078C48 /* MyCommunityViewController.swift in Sources */ = {isa = PBXBuildFile; fileRef = 852787A3243234A000078C48 /* MyCommunityViewController.swift */; };
		852787A6243234BA00078C48 /* AllCommunityViewController.swift in Sources */ = {isa = PBXBuildFile; fileRef = 852787A5243234BA00078C48 /* AllCommunityViewController.swift */; };
		85344CF0243351060048AB5D /* GalleryCollectionView.swift in Sources */ = {isa = PBXBuildFile; fileRef = 85344CEF243351050048AB5D /* GalleryCollectionView.swift */; };
		85344CF3243351740048AB5D /* MyCommunityTableViewCell.swift in Sources */ = {isa = PBXBuildFile; fileRef = 85344CF2243351740048AB5D /* MyCommunityTableViewCell.swift */; };
		85446992243354DC0070033A /* AllCommunityTableViewCell.swift in Sources */ = {isa = PBXBuildFile; fileRef = 85446991243354DC0070033A /* AllCommunityTableViewCell.swift */; };
		85589338243763A100B9C310 /* SettingsPikerControl.swift in Sources */ = {isa = PBXBuildFile; fileRef = 85589337243763A100B9C310 /* SettingsPikerControl.swift */; };
		8558933A2437743900B9C310 /* SettingsSinglton.swift in Sources */ = {isa = PBXBuildFile; fileRef = 855893392437743900B9C310 /* SettingsSinglton.swift */; };
		856264BE2438D02D00D10B56 /* LikeControl.swift in Sources */ = {isa = PBXBuildFile; fileRef = 856264BD2438D02D00D10B56 /* LikeControl.swift */; };
		856264C0243A5EEF00D10B56 /* LettersControl.swift in Sources */ = {isa = PBXBuildFile; fileRef = 856264BF243A5EEF00D10B56 /* LettersControl.swift */; };
		85695AD324332B350037DCA2 /* Users.swift in Sources */ = {isa = PBXBuildFile; fileRef = 85695AD224332B350037DCA2 /* Users.swift */; };
		85695AD5243331B80037DCA2 /* Groups.swift in Sources */ = {isa = PBXBuildFile; fileRef = 85695AD4243331B80037DCA2 /* Groups.swift */; };
		85695AD8243333310037DCA2 /* FriendTableViewCell.swift in Sources */ = {isa = PBXBuildFile; fileRef = 85695AD7243333310037DCA2 /* FriendTableViewCell.swift */; };
		858088852440BF6D00D9CE05 /* NewsView.swift in Sources */ = {isa = PBXBuildFile; fileRef = 858088842440BF6D00D9CE05 /* NewsView.swift */; };
		858088872440C00C00D9CE05 /* News.swift in Sources */ = {isa = PBXBuildFile; fileRef = 858088862440C00C00D9CE05 /* News.swift */; };
		858088892440C70100D9CE05 /* NewsTableViewCell.swift in Sources */ = {isa = PBXBuildFile; fileRef = 858088882440C70100D9CE05 /* NewsTableViewCell.swift */; };
		8580888B2440FBAD00D9CE05 /* NewsViewController.swift in Sources */ = {isa = PBXBuildFile; fileRef = 8580888A2440FBAD00D9CE05 /* NewsViewController.swift */; };
		85B0BBC42437359500B3953B /* AvatarView.swift in Sources */ = {isa = PBXBuildFile; fileRef = 85B0BBC32437359500B3953B /* AvatarView.swift */; };
		85B0BBC62437375500B3953B /* ShadowView.swift in Sources */ = {isa = PBXBuildFile; fileRef = 85B0BBC52437375500B3953B /* ShadowView.swift */; };
		85B0BBC82437564A00B3953B /* SettingsViewController.swift in Sources */ = {isa = PBXBuildFile; fileRef = 85B0BBC72437564A00B3953B /* SettingsViewController.swift */; };
		85C7CCE2243E132C0012557F /* FooterForTable.swift in Sources */ = {isa = PBXBuildFile; fileRef = 85C7CCE1243E132C0012557F /* FooterForTable.swift */; };
		85ED3C9E243337E500415763 /* PhotoCollectionViewCell.swift in Sources */ = {isa = PBXBuildFile; fileRef = 85ED3C9D243337E500415763 /* PhotoCollectionViewCell.swift */; };
/* End PBXBuildFile section */

/* Begin PBXFileReference section */
		852787862431FBEE00078C48 /* VK_GeekBrains.app */ = {isa = PBXFileReference; explicitFileType = wrapper.application; includeInIndex = 0; path = VK_GeekBrains.app; sourceTree = BUILT_PRODUCTS_DIR; };
		852787892431FBEE00078C48 /* AppDelegate.swift */ = {isa = PBXFileReference; lastKnownFileType = sourcecode.swift; path = AppDelegate.swift; sourceTree = "<group>"; };
		8527878B2431FBEE00078C48 /* SceneDelegate.swift */ = {isa = PBXFileReference; lastKnownFileType = sourcecode.swift; path = SceneDelegate.swift; sourceTree = "<group>"; };
		852787902431FBEE00078C48 /* Base */ = {isa = PBXFileReference; lastKnownFileType = file.storyboard; name = Base; path = Base.lproj/Main.storyboard; sourceTree = "<group>"; };
		852787922431FBF200078C48 /* Assets.xcassets */ = {isa = PBXFileReference; lastKnownFileType = folder.assetcatalog; path = Assets.xcassets; sourceTree = "<group>"; };
		852787952431FBF200078C48 /* Base */ = {isa = PBXFileReference; lastKnownFileType = file.storyboard; name = Base; path = Base.lproj/LaunchScreen.storyboard; sourceTree = "<group>"; };
		852787972431FBF200078C48 /* Info.plist */ = {isa = PBXFileReference; lastKnownFileType = text.plist.xml; path = Info.plist; sourceTree = "<group>"; };
		8527879D243207CE00078C48 /* LoginViewController.swift */ = {isa = PBXFileReference; lastKnownFileType = sourcecode.swift; path = LoginViewController.swift; sourceTree = "<group>"; };
		8527879F2432345E00078C48 /* MyFriendViewController.swift */ = {isa = PBXFileReference; lastKnownFileType = sourcecode.swift; path = MyFriendViewController.swift; sourceTree = "<group>"; };
		852787A12432347A00078C48 /* PhotoToFriendViewController.swift */ = {isa = PBXFileReference; lastKnownFileType = sourcecode.swift; path = PhotoToFriendViewController.swift; sourceTree = "<group>"; };
		852787A3243234A000078C48 /* MyCommunityViewController.swift */ = {isa = PBXFileReference; lastKnownFileType = sourcecode.swift; path = MyCommunityViewController.swift; sourceTree = "<group>"; };
		852787A5243234BA00078C48 /* AllCommunityViewController.swift */ = {isa = PBXFileReference; lastKnownFileType = sourcecode.swift; path = AllCommunityViewController.swift; sourceTree = "<group>"; };
		85344CEF243351050048AB5D /* GalleryCollectionView.swift */ = {isa = PBXFileReference; fileEncoding = 4; lastKnownFileType = sourcecode.swift; path = GalleryCollectionView.swift; sourceTree = "<group>"; };
		85344CF2243351740048AB5D /* MyCommunityTableViewCell.swift */ = {isa = PBXFileReference; lastKnownFileType = sourcecode.swift; path = MyCommunityTableViewCell.swift; sourceTree = "<group>"; };
		85446991243354DC0070033A /* AllCommunityTableViewCell.swift */ = {isa = PBXFileReference; lastKnownFileType = sourcecode.swift; path = AllCommunityTableViewCell.swift; sourceTree = "<group>"; };
		85589337243763A100B9C310 /* SettingsPikerControl.swift */ = {isa = PBXFileReference; lastKnownFileType = sourcecode.swift; path = SettingsPikerControl.swift; sourceTree = "<group>"; };
		855893392437743900B9C310 /* SettingsSinglton.swift */ = {isa = PBXFileReference; lastKnownFileType = sourcecode.swift; path = SettingsSinglton.swift; sourceTree = "<group>"; };
		856264BD2438D02D00D10B56 /* LikeControl.swift */ = {isa = PBXFileReference; lastKnownFileType = sourcecode.swift; path = LikeControl.swift; sourceTree = "<group>"; };
		856264BF243A5EEF00D10B56 /* LettersControl.swift */ = {isa = PBXFileReference; lastKnownFileType = sourcecode.swift; path = LettersControl.swift; sourceTree = "<group>"; };
		85695AD224332B350037DCA2 /* Users.swift */ = {isa = PBXFileReference; lastKnownFileType = sourcecode.swift; path = Users.swift; sourceTree = "<group>"; };
		85695AD4243331B80037DCA2 /* Groups.swift */ = {isa = PBXFileReference; lastKnownFileType = sourcecode.swift; path = Groups.swift; sourceTree = "<group>"; };
		85695AD7243333310037DCA2 /* FriendTableViewCell.swift */ = {isa = PBXFileReference; lastKnownFileType = sourcecode.swift; path = FriendTableViewCell.swift; sourceTree = "<group>"; };
		858088842440BF6D00D9CE05 /* NewsView.swift */ = {isa = PBXFileReference; lastKnownFileType = sourcecode.swift; path = NewsView.swift; sourceTree = "<group>"; };
		858088862440C00C00D9CE05 /* News.swift */ = {isa = PBXFileReference; lastKnownFileType = sourcecode.swift; path = News.swift; sourceTree = "<group>"; };
		858088882440C70100D9CE05 /* NewsTableViewCell.swift */ = {isa = PBXFileReference; lastKnownFileType = sourcecode.swift; path = NewsTableViewCell.swift; sourceTree = "<group>"; };
		8580888A2440FBAD00D9CE05 /* NewsViewController.swift */ = {isa = PBXFileReference; lastKnownFileType = sourcecode.swift; path = NewsViewController.swift; sourceTree = "<group>"; };
		85B0BBC32437359500B3953B /* AvatarView.swift */ = {isa = PBXFileReference; lastKnownFileType = sourcecode.swift; path = AvatarView.swift; sourceTree = "<group>"; };
		85B0BBC52437375500B3953B /* ShadowView.swift */ = {isa = PBXFileReference; lastKnownFileType = sourcecode.swift; path = ShadowView.swift; sourceTree = "<group>"; };
		85B0BBC72437564A00B3953B /* SettingsViewController.swift */ = {isa = PBXFileReference; lastKnownFileType = sourcecode.swift; path = SettingsViewController.swift; sourceTree = "<group>"; };
		85C7CCE1243E132C0012557F /* FooterForTable.swift */ = {isa = PBXFileReference; lastKnownFileType = sourcecode.swift; path = FooterForTable.swift; sourceTree = "<group>"; };
		85ED3C9D243337E500415763 /* PhotoCollectionViewCell.swift */ = {isa = PBXFileReference; lastKnownFileType = sourcecode.swift; path = PhotoCollectionViewCell.swift; sourceTree = "<group>"; };
/* End PBXFileReference section */

/* Begin PBXFrameworksBuildPhase section */
		852787832431FBEE00078C48 /* Frameworks */ = {
			isa = PBXFrameworksBuildPhase;
			buildActionMask = 2147483647;
			files = (
			);
			runOnlyForDeploymentPostprocessing = 0;
		};
/* End PBXFrameworksBuildPhase section */

/* Begin PBXGroup section */
		8527877D2431FBEE00078C48 = {
			isa = PBXGroup;
			children = (
				852787882431FBEE00078C48 /* VK_GeekBrains */,
				852787872431FBEE00078C48 /* Products */,
			);
			sourceTree = "<group>";
		};
		852787872431FBEE00078C48 /* Products */ = {
			isa = PBXGroup;
			children = (
				852787862431FBEE00078C48 /* VK_GeekBrains.app */,
			);
			name = Products;
			sourceTree = "<group>";
		};
		852787882431FBEE00078C48 /* VK_GeekBrains */ = {
			isa = PBXGroup;
			children = (
				852787892431FBEE00078C48 /* AppDelegate.swift */,
				8527878B2431FBEE00078C48 /* SceneDelegate.swift */,
				85344CEE2433504E0048AB5D /* Views */,
				85695AD6243332990037DCA2 /* Models */,
				852787A72432353800078C48 /* Controllers */,
				8527878F2431FBEE00078C48 /* Main.storyboard */,
				852787922431FBF200078C48 /* Assets.xcassets */,
				852787942431FBF200078C48 /* LaunchScreen.storyboard */,
				852787972431FBF200078C48 /* Info.plist */,
			);
			path = VK_GeekBrains;
			sourceTree = "<group>";
		};
		852787A72432353800078C48 /* Controllers */ = {
			isa = PBXGroup;
			children = (
				8527879D243207CE00078C48 /* LoginViewController.swift */,
				8527879F2432345E00078C48 /* MyFriendViewController.swift */,
				852787A12432347A00078C48 /* PhotoToFriendViewController.swift */,
				852787A3243234A000078C48 /* MyCommunityViewController.swift */,
				852787A5243234BA00078C48 /* AllCommunityViewController.swift */,
				8580888A2440FBAD00D9CE05 /* NewsViewController.swift */,
				85B0BBC72437564A00B3953B /* SettingsViewController.swift */,
			);
			path = Controllers;
			sourceTree = "<group>";
		};
		85344CEE2433504E0048AB5D /* Views */ = {
			isa = PBXGroup;
			children = (
				85344CF1243351340048AB5D /* Cells */,
				85344CEF243351050048AB5D /* GalleryCollectionView.swift */,
				858088842440BF6D00D9CE05 /* NewsView.swift */,
				85B0BBC32437359500B3953B /* AvatarView.swift */,
				85B0BBC52437375500B3953B /* ShadowView.swift */,
				85C7CCE1243E132C0012557F /* FooterForTable.swift */,
				85C7CCE0243E12FA0012557F /* Controls */,
			);
			path = Views;
			sourceTree = "<group>";
		};
		85344CF1243351340048AB5D /* Cells */ = {
			isa = PBXGroup;
			children = (
				85695AD7243333310037DCA2 /* FriendTableViewCell.swift */,
				858088882440C70100D9CE05 /* NewsTableViewCell.swift */,
				85344CF2243351740048AB5D /* MyCommunityTableViewCell.swift */,
				85446991243354DC0070033A /* AllCommunityTableViewCell.swift */,
				85ED3C9D243337E500415763 /* PhotoCollectionViewCell.swift */,
			);
			path = Cells;
			sourceTree = "<group>";
		};
		85695AD6243332990037DCA2 /* Models */ = {
			isa = PBXGroup;
			children = (
				855893392437743900B9C310 /* SettingsSinglton.swift */,
				85695AD224332B350037DCA2 /* Users.swift */,
				85695AD4243331B80037DCA2 /* Groups.swift */,
				858088862440C00C00D9CE05 /* News.swift */,
			);
			path = Models;
			sourceTree = "<group>";
		};
		85C7CCE0243E12FA0012557F /* Controls */ = {
			isa = PBXGroup;
			children = (
				85589337243763A100B9C310 /* SettingsPikerControl.swift */,
				856264BD2438D02D00D10B56 /* LikeControl.swift */,
				856264BF243A5EEF00D10B56 /* LettersControl.swift */,
			);
			path = Controls;
			sourceTree = "<group>";
		};
/* End PBXGroup section */

/* Begin PBXNativeTarget section */
		852787852431FBEE00078C48 /* VK_GeekBrains */ = {
			isa = PBXNativeTarget;
			buildConfigurationList = 8527879A2431FBF200078C48 /* Build configuration list for PBXNativeTarget "VK_GeekBrains" */;
			buildPhases = (
				852787822431FBEE00078C48 /* Sources */,
				852787832431FBEE00078C48 /* Frameworks */,
				852787842431FBEE00078C48 /* Resources */,
			);
			buildRules = (
			);
			dependencies = (
			);
			name = VK_GeekBrains;
			productName = VK_GeekBrains;
			productReference = 852787862431FBEE00078C48 /* VK_GeekBrains.app */;
			productType = "com.apple.product-type.application";
		};
/* End PBXNativeTarget section */

/* Begin PBXProject section */
		8527877E2431FBEE00078C48 /* Project object */ = {
			isa = PBXProject;
			attributes = {
				LastSwiftUpdateCheck = 1140;
				LastUpgradeCheck = 1140;
				ORGANIZATIONNAME = "Станислав";
				TargetAttributes = {
					852787852431FBEE00078C48 = {
						CreatedOnToolsVersion = 11.4;
					};
				};
			};
			buildConfigurationList = 852787812431FBEE00078C48 /* Build configuration list for PBXProject "VK_GeekBrains" */;
			compatibilityVersion = "Xcode 9.3";
			developmentRegion = en;
			hasScannedForEncodings = 0;
			knownRegions = (
				en,
				Base,
			);
			mainGroup = 8527877D2431FBEE00078C48;
			productRefGroup = 852787872431FBEE00078C48 /* Products */;
			projectDirPath = "";
			projectRoot = "";
			targets = (
				852787852431FBEE00078C48 /* VK_GeekBrains */,
			);
		};
/* End PBXProject section */

/* Begin PBXResourcesBuildPhase section */
		852787842431FBEE00078C48 /* Resources */ = {
			isa = PBXResourcesBuildPhase;
			buildActionMask = 2147483647;
			files = (
				852787962431FBF200078C48 /* LaunchScreen.storyboard in Resources */,
				852787932431FBF200078C48 /* Assets.xcassets in Resources */,
				852787912431FBEE00078C48 /* Main.storyboard in Resources */,
			);
			runOnlyForDeploymentPostprocessing = 0;
		};
/* End PBXResourcesBuildPhase section */

/* Begin PBXSourcesBuildPhase section */
		852787822431FBEE00078C48 /* Sources */ = {
			isa = PBXSourcesBuildPhase;
			buildActionMask = 2147483647;
			files = (
				85589338243763A100B9C310 /* SettingsPikerControl.swift in Sources */,
				85344CF0243351060048AB5D /* GalleryCollectionView.swift in Sources */,
				856264BE2438D02D00D10B56 /* LikeControl.swift in Sources */,
				85695AD324332B350037DCA2 /* Users.swift in Sources */,
				852787A02432345E00078C48 /* MyFriendViewController.swift in Sources */,
				85446992243354DC0070033A /* AllCommunityTableViewCell.swift in Sources */,
				8527879E243207CE00078C48 /* LoginViewController.swift in Sources */,
				852787A6243234BA00078C48 /* AllCommunityViewController.swift in Sources */,
				852787A22432347A00078C48 /* PhotoToFriendViewController.swift in Sources */,
				85344CF3243351740048AB5D /* MyCommunityTableViewCell.swift in Sources */,
				8527878A2431FBEE00078C48 /* AppDelegate.swift in Sources */,
				852787A4243234A000078C48 /* MyCommunityViewController.swift in Sources */,
				85695AD8243333310037DCA2 /* FriendTableViewCell.swift in Sources */,
				85C7CCE2243E132C0012557F /* FooterForTable.swift in Sources */,
				8527878C2431FBEE00078C48 /* SceneDelegate.swift in Sources */,
				85B0BBC82437564A00B3953B /* SettingsViewController.swift in Sources */,
				856264C0243A5EEF00D10B56 /* LettersControl.swift in Sources */,
				8558933A2437743900B9C310 /* SettingsSinglton.swift in Sources */,
				858088872440C00C00D9CE05 /* News.swift in Sources */,
				8580888B2440FBAD00D9CE05 /* NewsViewController.swift in Sources */,
				85B0BBC62437375500B3953B /* ShadowView.swift in Sources */,
				85ED3C9E243337E500415763 /* PhotoCollectionViewCell.swift in Sources */,
				858088852440BF6D00D9CE05 /* NewsView.swift in Sources */,
				858088892440C70100D9CE05 /* NewsTableViewCell.swift in Sources */,
				85B0BBC42437359500B3953B /* AvatarView.swift in Sources */,
				85695AD5243331B80037DCA2 /* Groups.swift in Sources */,
			);
			runOnlyForDeploymentPostprocessing = 0;
		};
/* End PBXSourcesBuildPhase section */

/* Begin PBXVariantGroup section */
		8527878F2431FBEE00078C48 /* Main.storyboard */ = {
			isa = PBXVariantGroup;
			children = (
				852787902431FBEE00078C48 /* Base */,
			);
			name = Main.storyboard;
			sourceTree = "<group>";
		};
		852787942431FBF200078C48 /* LaunchScreen.storyboard */ = {
			isa = PBXVariantGroup;
			children = (
				852787952431FBF200078C48 /* Base */,
			);
			name = LaunchScreen.storyboard;
			sourceTree = "<group>";
		};
/* End PBXVariantGroup section */

/* Begin XCBuildConfiguration section */
		852787982431FBF200078C48 /* Debug */ = {
			isa = XCBuildConfiguration;
			buildSettings = {
				ALWAYS_SEARCH_USER_PATHS = NO;
				CLANG_ANALYZER_NONNULL = YES;
				CLANG_ANALYZER_NUMBER_OBJECT_CONVERSION = YES_AGGRESSIVE;
				CLANG_CXX_LANGUAGE_STANDARD = "gnu++14";
				CLANG_CXX_LIBRARY = "libc++";
				CLANG_ENABLE_MODULES = YES;
				CLANG_ENABLE_OBJC_ARC = YES;
				CLANG_ENABLE_OBJC_WEAK = YES;
				CLANG_WARN_BLOCK_CAPTURE_AUTORELEASING = YES;
				CLANG_WARN_BOOL_CONVERSION = YES;
				CLANG_WARN_COMMA = YES;
				CLANG_WARN_CONSTANT_CONVERSION = YES;
				CLANG_WARN_DEPRECATED_OBJC_IMPLEMENTATIONS = YES;
				CLANG_WARN_DIRECT_OBJC_ISA_USAGE = YES_ERROR;
				CLANG_WARN_DOCUMENTATION_COMMENTS = YES;
				CLANG_WARN_EMPTY_BODY = YES;
				CLANG_WARN_ENUM_CONVERSION = YES;
				CLANG_WARN_INFINITE_RECURSION = YES;
				CLANG_WARN_INT_CONVERSION = YES;
				CLANG_WARN_NON_LITERAL_NULL_CONVERSION = YES;
				CLANG_WARN_OBJC_IMPLICIT_RETAIN_SELF = YES;
				CLANG_WARN_OBJC_LITERAL_CONVERSION = YES;
				CLANG_WARN_OBJC_ROOT_CLASS = YES_ERROR;
				CLANG_WARN_RANGE_LOOP_ANALYSIS = YES;
				CLANG_WARN_STRICT_PROTOTYPES = YES;
				CLANG_WARN_SUSPICIOUS_MOVE = YES;
				CLANG_WARN_UNGUARDED_AVAILABILITY = YES_AGGRESSIVE;
				CLANG_WARN_UNREACHABLE_CODE = YES;
				CLANG_WARN__DUPLICATE_METHOD_MATCH = YES;
				COPY_PHASE_STRIP = NO;
				DEBUG_INFORMATION_FORMAT = dwarf;
				ENABLE_STRICT_OBJC_MSGSEND = YES;
				ENABLE_TESTABILITY = YES;
				GCC_C_LANGUAGE_STANDARD = gnu11;
				GCC_DYNAMIC_NO_PIC = NO;
				GCC_NO_COMMON_BLOCKS = YES;
				GCC_OPTIMIZATION_LEVEL = 0;
				GCC_PREPROCESSOR_DEFINITIONS = (
					"DEBUG=1",
					"$(inherited)",
				);
				GCC_WARN_64_TO_32_BIT_CONVERSION = YES;
				GCC_WARN_ABOUT_RETURN_TYPE = YES_ERROR;
				GCC_WARN_UNDECLARED_SELECTOR = YES;
				GCC_WARN_UNINITIALIZED_AUTOS = YES_AGGRESSIVE;
				GCC_WARN_UNUSED_FUNCTION = YES;
				GCC_WARN_UNUSED_VARIABLE = YES;
				IPHONEOS_DEPLOYMENT_TARGET = 13.4;
				MTL_ENABLE_DEBUG_INFO = INCLUDE_SOURCE;
				MTL_FAST_MATH = YES;
				ONLY_ACTIVE_ARCH = YES;
				SDKROOT = iphoneos;
				SWIFT_ACTIVE_COMPILATION_CONDITIONS = DEBUG;
				SWIFT_OPTIMIZATION_LEVEL = "-Onone";
			};
			name = Debug;
		};
		852787992431FBF200078C48 /* Release */ = {
			isa = XCBuildConfiguration;
			buildSettings = {
				ALWAYS_SEARCH_USER_PATHS = NO;
				CLANG_ANALYZER_NONNULL = YES;
				CLANG_ANALYZER_NUMBER_OBJECT_CONVERSION = YES_AGGRESSIVE;
				CLANG_CXX_LANGUAGE_STANDARD = "gnu++14";
				CLANG_CXX_LIBRARY = "libc++";
				CLANG_ENABLE_MODULES = YES;
				CLANG_ENABLE_OBJC_ARC = YES;
				CLANG_ENABLE_OBJC_WEAK = YES;
				CLANG_WARN_BLOCK_CAPTURE_AUTORELEASING = YES;
				CLANG_WARN_BOOL_CONVERSION = YES;
				CLANG_WARN_COMMA = YES;
				CLANG_WARN_CONSTANT_CONVERSION = YES;
				CLANG_WARN_DEPRECATED_OBJC_IMPLEMENTATIONS = YES;
				CLANG_WARN_DIRECT_OBJC_ISA_USAGE = YES_ERROR;
				CLANG_WARN_DOCUMENTATION_COMMENTS = YES;
				CLANG_WARN_EMPTY_BODY = YES;
				CLANG_WARN_ENUM_CONVERSION = YES;
				CLANG_WARN_INFINITE_RECURSION = YES;
				CLANG_WARN_INT_CONVERSION = YES;
				CLANG_WARN_NON_LITERAL_NULL_CONVERSION = YES;
				CLANG_WARN_OBJC_IMPLICIT_RETAIN_SELF = YES;
				CLANG_WARN_OBJC_LITERAL_CONVERSION = YES;
				CLANG_WARN_OBJC_ROOT_CLASS = YES_ERROR;
				CLANG_WARN_RANGE_LOOP_ANALYSIS = YES;
				CLANG_WARN_STRICT_PROTOTYPES = YES;
				CLANG_WARN_SUSPICIOUS_MOVE = YES;
				CLANG_WARN_UNGUARDED_AVAILABILITY = YES_AGGRESSIVE;
				CLANG_WARN_UNREACHABLE_CODE = YES;
				CLANG_WARN__DUPLICATE_METHOD_MATCH = YES;
				COPY_PHASE_STRIP = NO;
				DEBUG_INFORMATION_FORMAT = "dwarf-with-dsym";
				ENABLE_NS_ASSERTIONS = NO;
				ENABLE_STRICT_OBJC_MSGSEND = YES;
				GCC_C_LANGUAGE_STANDARD = gnu11;
				GCC_NO_COMMON_BLOCKS = YES;
				GCC_WARN_64_TO_32_BIT_CONVERSION = YES;
				GCC_WARN_ABOUT_RETURN_TYPE = YES_ERROR;
				GCC_WARN_UNDECLARED_SELECTOR = YES;
				GCC_WARN_UNINITIALIZED_AUTOS = YES_AGGRESSIVE;
				GCC_WARN_UNUSED_FUNCTION = YES;
				GCC_WARN_UNUSED_VARIABLE = YES;
				IPHONEOS_DEPLOYMENT_TARGET = 13.4;
				MTL_ENABLE_DEBUG_INFO = NO;
				MTL_FAST_MATH = YES;
				SDKROOT = iphoneos;
				SWIFT_COMPILATION_MODE = wholemodule;
				SWIFT_OPTIMIZATION_LEVEL = "-O";
				VALIDATE_PRODUCT = YES;
			};
			name = Release;
		};
		8527879B2431FBF200078C48 /* Debug */ = {
			isa = XCBuildConfiguration;
			buildSettings = {
				ASSETCATALOG_COMPILER_APPICON_NAME = AppIcon;
				CODE_SIGN_STYLE = Automatic;
				DEVELOPMENT_TEAM = 8U33MU82AP;
				INFOPLIST_FILE = VK_GeekBrains/Info.plist;
				LD_RUNPATH_SEARCH_PATHS = (
					"$(inherited)",
					"@executable_path/Frameworks",
				);
				PRODUCT_BUNDLE_IDENTIFIER = "StanislavBelykh.VK-GeekBrains";
				PRODUCT_NAME = "$(TARGET_NAME)";
				SWIFT_VERSION = 5.0;
				TARGETED_DEVICE_FAMILY = "1,2";
			};
			name = Debug;
		};
		8527879C2431FBF200078C48 /* Release */ = {
			isa = XCBuildConfiguration;
			buildSettings = {
				ASSETCATALOG_COMPILER_APPICON_NAME = AppIcon;
				CODE_SIGN_STYLE = Automatic;
				DEVELOPMENT_TEAM = 8U33MU82AP;
				INFOPLIST_FILE = VK_GeekBrains/Info.plist;
				LD_RUNPATH_SEARCH_PATHS = (
					"$(inherited)",
					"@executable_path/Frameworks",
				);
				PRODUCT_BUNDLE_IDENTIFIER = "StanislavBelykh.VK-GeekBrains";
				PRODUCT_NAME = "$(TARGET_NAME)";
				SWIFT_VERSION = 5.0;
				TARGETED_DEVICE_FAMILY = "1,2";
			};
			name = Release;
		};
/* End XCBuildConfiguration section */

/* Begin XCConfigurationList section */
		852787812431FBEE00078C48 /* Build configuration list for PBXProject "VK_GeekBrains" */ = {
			isa = XCConfigurationList;
			buildConfigurations = (
				852787982431FBF200078C48 /* Debug */,
				852787992431FBF200078C48 /* Release */,
			);
			defaultConfigurationIsVisible = 0;
			defaultConfigurationName = Release;
		};
		8527879A2431FBF200078C48 /* Build configuration list for PBXNativeTarget "VK_GeekBrains" */ = {
			isa = XCConfigurationList;
			buildConfigurations = (
				8527879B2431FBF200078C48 /* Debug */,
				8527879C2431FBF200078C48 /* Release */,
			);
			defaultConfigurationIsVisible = 0;
			defaultConfigurationName = Release;
		};
/* End XCConfigurationList section */
	};
	rootObject = 8527877E2431FBEE00078C48 /* Project object */;
}
